
Microsoft Visual Studio Solution File, Format Version 12.00
# Visual Studio Version 17
VisualStudioVersion = 17.0.31903.59
MinimumVisualStudioVersion = 10.0.40219.1
Project("{FAE04EC0-301F-11D3-BF4B-00C04F79EFBC}") = "estoque.domain", "estoque.domain\estoque.domain.csproj", "{1C42BD61-72EE-413D-9E25-6F31992A3DE3}"
EndProject
Project("{FAE04EC0-301F-11D3-BF4B-00C04F79EFBC}") = "estoque.infra", "estoque.infra\estoque.infra.csproj", "{EFF47758-4ED6-4CB0-8AB0-3597D5DD640A}"
EndProject
Project("{FAE04EC0-301F-11D3-BF4B-00C04F79EFBC}") = "estoque.service", "estoque.service\estoque.service.csproj", "{9E3504AB-5D9B-45B6-85ED-50E82BF1FA7F}"
EndProject
Project("{2150E333-8FDC-42A3-9474-1A3956D46DE8}") = "Tests", "Tests", "{BB5F6705-18DB-4E03-92E1-29D74614B721}"
EndProject
Project("{FAE04EC0-301F-11D3-BF4B-00C04F79EFBC}") = "estoque.service.benchmarks", "Tests\estoque.service.benchmarks\estoque.service.benchmarks.csproj", "{44BE0ACC-9D80-4B0C-85F0-3AE4BA2BA551}"
EndProject
Project("{FAE04EC0-301F-11D3-BF4B-00C04F79EFBC}") = "estoque.service.tests", "Tests\estoque.service.tests\estoque.service.tests.csproj", "{193611A7-76F0-4143-8DA0-DC8494C06F1E}"
EndProject
Global
	GlobalSection(SolutionConfigurationPlatforms) = preSolution
		Debug|Any CPU = Debug|Any CPU
		Release|Any CPU = Release|Any CPU
	EndGlobalSection
	GlobalSection(SolutionProperties) = preSolution
		HideSolutionNode = FALSE
	EndGlobalSection
	GlobalSection(ProjectConfigurationPlatforms) = postSolution
		{1C42BD61-72EE-413D-9E25-6F31992A3DE3}.Debug|Any CPU.ActiveCfg = Debug|Any CPU
		{1C42BD61-72EE-413D-9E25-6F31992A3DE3}.Debug|Any CPU.Build.0 = Debug|Any CPU
		{1C42BD61-72EE-413D-9E25-6F31992A3DE3}.Release|Any CPU.ActiveCfg = Release|Any CPU
		{1C42BD61-72EE-413D-9E25-6F31992A3DE3}.Release|Any CPU.Build.0 = Release|Any CPU
		{EFF47758-4ED6-4CB0-8AB0-3597D5DD640A}.Debug|Any CPU.ActiveCfg = Debug|Any CPU
		{EFF47758-4ED6-4CB0-8AB0-3597D5DD640A}.Debug|Any CPU.Build.0 = Debug|Any CPU
		{EFF47758-4ED6-4CB0-8AB0-3597D5DD640A}.Release|Any CPU.ActiveCfg = Release|Any CPU
		{EFF47758-4ED6-4CB0-8AB0-3597D5DD640A}.Release|Any CPU.Build.0 = Release|Any CPU
		{9E3504AB-5D9B-45B6-85ED-50E82BF1FA7F}.Debug|Any CPU.ActiveCfg = Debug|Any CPU
		{9E3504AB-5D9B-45B6-85ED-50E82BF1FA7F}.Debug|Any CPU.Build.0 = Debug|Any CPU
		{9E3504AB-5D9B-45B6-85ED-50E82BF1FA7F}.Release|Any CPU.ActiveCfg = Release|Any CPU
		{9E3504AB-5D9B-45B6-85ED-50E82BF1FA7F}.Release|Any CPU.Build.0 = Release|Any CPU
		{44BE0ACC-9D80-4B0C-85F0-3AE4BA2BA551}.Debug|Any CPU.ActiveCfg = Debug|Any CPU
		{44BE0ACC-9D80-4B0C-85F0-3AE4BA2BA551}.Debug|Any CPU.Build.0 = Debug|Any CPU
		{44BE0ACC-9D80-4B0C-85F0-3AE4BA2BA551}.Release|Any CPU.ActiveCfg = Release|Any CPU
		{44BE0ACC-9D80-4B0C-85F0-3AE4BA2BA551}.Release|Any CPU.Build.0 = Release|Any CPU
		{193611A7-76F0-4143-8DA0-DC8494C06F1E}.Debug|Any CPU.ActiveCfg = Debug|Any CPU
		{193611A7-76F0-4143-8DA0-DC8494C06F1E}.Debug|Any CPU.Build.0 = Debug|Any CPU
		{193611A7-76F0-4143-8DA0-DC8494C06F1E}.Release|Any CPU.ActiveCfg = Release|Any CPU
		{193611A7-76F0-4143-8DA0-DC8494C06F1E}.Release|Any CPU.Build.0 = Release|Any CPU
	EndGlobalSection
	GlobalSection(NestedProjects) = preSolution
		{44BE0ACC-9D80-4B0C-85F0-3AE4BA2BA551} = {BB5F6705-18DB-4E03-92E1-29D74614B721}
		{193611A7-76F0-4143-8DA0-DC8494C06F1E} = {BB5F6705-18DB-4E03-92E1-29D74614B721}
	EndGlobalSection
EndGlobal
